{
    "_readme": [
        "This file locks the dependencies of your project to a known state",
        "Read more about it at https://getcomposer.org/doc/01-basic-usage.md#composer-lock-the-lock-file",
        "This file is @generated automatically"
    ],
    "content-hash": "0b891891215b98a8b7e20a30436e09a1",
    "packages": [
        {
            "name": "youshido/graphql",
            "version": "v1.5",
            "source": {
                "type": "git",
                "url": "https://github.com/Youshido/GraphQL.git",
                "reference": "61c2d2acb8ff0bebbc7562ba48542cc82ddfdf61"
            },
            "dist": {
                "type": "zip",
                "url": "https://api.github.com/repos/Youshido/GraphQL/zipball/61c2d2acb8ff0bebbc7562ba48542cc82ddfdf61",
                "reference": "61c2d2acb8ff0bebbc7562ba48542cc82ddfdf61",
                "shasum": ""
            },
            "require": {
                "php": ">=5.5,<8.0-DEV"
            },
            "require-dev": {
                "phpunit/phpunit": "^4.8"
            },
            "type": "library",
            "autoload": {
                "psr-4": {
                    "Youshido\\GraphQL\\": "src"
                }
            },
            "notification-url": "https://packagist.org/downloads/",
            "license": [
                "MIT"
            ],
            "authors": [
                {
                    "name": "Alexandr Viniychuk",
                    "email": "a@viniychuk.com"
                },
                {
                    "name": "Portey Vasil",
                    "email": "portey@gmail.com"
                }
            ],
            "description": "Pure PHP GraphQL",
            "time": "2017-08-10T13:40:01+00:00"
        }
    ],
    "packages-dev": [],
    "aliases": [],
    "minimum-stability": "stable",
    "stability-flags": [],
    "prefer-stable": false,
    "prefer-lowest": false,
    "platform": [],
    "platform-dev": []
}
